// !$*UTF8*$!
{
	archiveVersion = 1;
	classes = {
	};
	objectVersion = 46;
	objects = {

/* Begin PBXBuildFile section */
		0803D8D51F64FB5300078A5E /* Annotation.swift in Sources */ = {isa = PBXBuildFile; fileRef = 0803D8D41F64FB5300078A5E /* Annotation.swift */; };
		0809D6B91F633E2F00F78F9B /* DepthSearch.swift in Sources */ = {isa = PBXBuildFile; fileRef = 0809D6B61F633E2F00F78F9B /* DepthSearch.swift */; };
		0809D6BA1F633E2F00F78F9B /* BreadthSearch.swift in Sources */ = {isa = PBXBuildFile; fileRef = 0809D6B71F633E2F00F78F9B /* BreadthSearch.swift */; };
		0809D6BB1F633E2F00F78F9B /* BidirectionalSearch.swift in Sources */ = {isa = PBXBuildFile; fileRef = 0809D6B81F633E2F00F78F9B /* BidirectionalSearch.swift */; };
		0809D6BD1F633E3A00F78F9B /* Agent.swift in Sources */ = {isa = PBXBuildFile; fileRef = 0809D6BC1F633E3A00F78F9B /* Agent.swift */; };
		0809D6BF1F633E4200F78F9B /* State.swift in Sources */ = {isa = PBXBuildFile; fileRef = 0809D6BE1F633E4200F78F9B /* State.swift */; };
		0809D6C11F633E4800F78F9B /* DataManager.swift in Sources */ = {isa = PBXBuildFile; fileRef = 0809D6C01F633E4800F78F9B /* DataManager.swift */; };
		0809D6C31F63410900F78F9B /* Location.swift in Sources */ = {isa = PBXBuildFile; fileRef = 0809D6C21F63410900F78F9B /* Location.swift */; };
		081F9DD61F1FB27000BE726A /* Array+Extension.swift in Sources */ = {isa = PBXBuildFile; fileRef = 081F9DD51F1FB27000BE726A /* Array+Extension.swift */; };
		084B7F851F6A1B63006DF7F6 /* GreedySearch.swift in Sources */ = {isa = PBXBuildFile; fileRef = 084B7F841F6A1B63006DF7F6 /* GreedySearch.swift */; };
		084B7F871F6A3153006DF7F6 /* RomaniaHeuristics.txt in Resources */ = {isa = PBXBuildFile; fileRef = 084B7F861F6A3153006DF7F6 /* RomaniaHeuristics.txt */; };
		086E2A5C1F6771DC00F435A6 /* UniformedSearch.swift in Sources */ = {isa = PBXBuildFile; fileRef = 086E2A5B1F6771DC00F435A6 /* UniformedSearch.swift */; };
		08BFE2771F1F811C0055ACB4 /* WorldOfVacuumCleaner.txt in Resources */ = {isa = PBXBuildFile; fileRef = 08BFE2761F1F811C0055ACB4 /* WorldOfVacuumCleaner.txt */; };
		08D134DE1F6B552300476521 /* SearchProtocol.swift in Sources */ = {isa = PBXBuildFile; fileRef = 08D134DD1F6B552300476521 /* SearchProtocol.swift */; };
		08D134E11F6B563300476521 /* UIImage+Extension.swift in Sources */ = {isa = PBXBuildFile; fileRef = 08D134E01F6B563300476521 /* UIImage+Extension.swift */; };
		08D134E31F6B572300476521 /* Route.swift in Sources */ = {isa = PBXBuildFile; fileRef = 08D134E21F6B572300476521 /* Route.swift */; };
		08D134E51F6B5D2300476521 /* AStarSearch.swift in Sources */ = {isa = PBXBuildFile; fileRef = 08D134E41F6B5D2300476521 /* AStarSearch.swift */; };
		08DC48DA1F1E7B2C00FB677E /* AppDelegate.swift in Sources */ = {isa = PBXBuildFile; fileRef = 08DC48D91F1E7B2C00FB677E /* AppDelegate.swift */; };
		08DC48DC1F1E7B2C00FB677E /* ViewController.swift in Sources */ = {isa = PBXBuildFile; fileRef = 08DC48DB1F1E7B2C00FB677E /* ViewController.swift */; };
		08DC48DF1F1E7B2C00FB677E /* Main.storyboard in Resources */ = {isa = PBXBuildFile; fileRef = 08DC48DD1F1E7B2C00FB677E /* Main.storyboard */; };
		08DC48E11F1E7B2C00FB677E /* Assets.xcassets in Resources */ = {isa = PBXBuildFile; fileRef = 08DC48E01F1E7B2C00FB677E /* Assets.xcassets */; };
		08DC48E41F1E7B2C00FB677E /* LaunchScreen.storyboard in Resources */ = {isa = PBXBuildFile; fileRef = 08DC48E21F1E7B2C00FB677E /* LaunchScreen.storyboard */; };
		08DC48F01F1E863600FB677E /* RomaniaRoutes.txt in Resources */ = {isa = PBXBuildFile; fileRef = 08DC48EF1F1E863600FB677E /* RomaniaRoutes.txt */; };
		08DC48F61F1E8DB300FB677E /* Node.swift in Sources */ = {isa = PBXBuildFile; fileRef = 08DC48F51F1E8DB300FB677E /* Node.swift */; };
		08E5E1771F6AA28B00972AB5 /* SearchManager.swift in Sources */ = {isa = PBXBuildFile; fileRef = 08E5E1761F6AA28B00972AB5 /* SearchManager.swift */; };
/* End PBXBuildFile section */

/* Begin PBXFileReference section */
		0803D8D41F64FB5300078A5E /* Annotation.swift */ = {isa = PBXFileReference; fileEncoding = 4; lastKnownFileType = sourcecode.swift; path = Annotation.swift; sourceTree = "<group>"; };
		0809D6B61F633E2F00F78F9B /* DepthSearch.swift */ = {isa = PBXFileReference; fileEncoding = 4; lastKnownFileType = sourcecode.swift; path = DepthSearch.swift; sourceTree = "<group>"; };
		0809D6B71F633E2F00F78F9B /* BreadthSearch.swift */ = {isa = PBXFileReference; fileEncoding = 4; lastKnownFileType = sourcecode.swift; path = BreadthSearch.swift; sourceTree = "<group>"; };
		0809D6B81F633E2F00F78F9B /* BidirectionalSearch.swift */ = {isa = PBXFileReference; fileEncoding = 4; lastKnownFileType = sourcecode.swift; path = BidirectionalSearch.swift; sourceTree = "<group>"; };
		0809D6BC1F633E3A00F78F9B /* Agent.swift */ = {isa = PBXFileReference; fileEncoding = 4; lastKnownFileType = sourcecode.swift; path = Agent.swift; sourceTree = "<group>"; };
		0809D6BE1F633E4200F78F9B /* State.swift */ = {isa = PBXFileReference; fileEncoding = 4; lastKnownFileType = sourcecode.swift; path = State.swift; sourceTree = "<group>"; };
		0809D6C01F633E4800F78F9B /* DataManager.swift */ = {isa = PBXFileReference; fileEncoding = 4; lastKnownFileType = sourcecode.swift; path = DataManager.swift; sourceTree = "<group>"; };
		0809D6C21F63410900F78F9B /* Location.swift */ = {isa = PBXFileReference; fileEncoding = 4; lastKnownFileType = sourcecode.swift; path = Location.swift; sourceTree = "<group>"; };
		081F9DD51F1FB27000BE726A /* Array+Extension.swift */ = {isa = PBXFileReference; fileEncoding = 4; lastKnownFileType = sourcecode.swift; path = "Array+Extension.swift"; sourceTree = "<group>"; };
		084B7F841F6A1B63006DF7F6 /* GreedySearch.swift */ = {isa = PBXFileReference; fileEncoding = 4; lastKnownFileType = sourcecode.swift; path = GreedySearch.swift; sourceTree = "<group>"; };
		084B7F861F6A3153006DF7F6 /* RomaniaHeuristics.txt */ = {isa = PBXFileReference; fileEncoding = 4; lastKnownFileType = text; path = RomaniaHeuristics.txt; sourceTree = "<group>"; };
		086E2A5B1F6771DC00F435A6 /* UniformedSearch.swift */ = {isa = PBXFileReference; fileEncoding = 4; lastKnownFileType = sourcecode.swift; path = UniformedSearch.swift; sourceTree = "<group>"; };
		08BFE2761F1F811C0055ACB4 /* WorldOfVacuumCleaner.txt */ = {isa = PBXFileReference; fileEncoding = 4; lastKnownFileType = text; path = WorldOfVacuumCleaner.txt; sourceTree = "<group>"; };
		08D134DD1F6B552300476521 /* SearchProtocol.swift */ = {isa = PBXFileReference; fileEncoding = 4; lastKnownFileType = sourcecode.swift; path = SearchProtocol.swift; sourceTree = "<group>"; };
		08D134E01F6B563300476521 /* UIImage+Extension.swift */ = {isa = PBXFileReference; fileEncoding = 4; lastKnownFileType = sourcecode.swift; path = "UIImage+Extension.swift"; sourceTree = "<group>"; };
		08D134E21F6B572300476521 /* Route.swift */ = {isa = PBXFileReference; fileEncoding = 4; lastKnownFileType = sourcecode.swift; path = Route.swift; sourceTree = "<group>"; };
		08D134E41F6B5D2300476521 /* AStarSearch.swift */ = {isa = PBXFileReference; fileEncoding = 4; lastKnownFileType = sourcecode.swift; path = AStarSearch.swift; sourceTree = "<group>"; };
		08DC48D61F1E7B2C00FB677E /* ArtificialInteligence.app */ = {isa = PBXFileReference; explicitFileType = wrapper.application; includeInIndex = 0; path = ArtificialInteligence.app; sourceTree = BUILT_PRODUCTS_DIR; };
		08DC48D91F1E7B2C00FB677E /* AppDelegate.swift */ = {isa = PBXFileReference; lastKnownFileType = sourcecode.swift; path = AppDelegate.swift; sourceTree = "<group>"; };
		08DC48DB1F1E7B2C00FB677E /* ViewController.swift */ = {isa = PBXFileReference; lastKnownFileType = sourcecode.swift; path = ViewController.swift; sourceTree = "<group>"; };
		08DC48DE1F1E7B2C00FB677E /* Base */ = {isa = PBXFileReference; lastKnownFileType = file.storyboard; name = Base; path = Base.lproj/Main.storyboard; sourceTree = "<group>"; };
		08DC48E01F1E7B2C00FB677E /* Assets.xcassets */ = {isa = PBXFileReference; lastKnownFileType = folder.assetcatalog; path = Assets.xcassets; sourceTree = "<group>"; };
		08DC48E31F1E7B2C00FB677E /* Base */ = {isa = PBXFileReference; lastKnownFileType = file.storyboard; name = Base; path = Base.lproj/LaunchScreen.storyboard; sourceTree = "<group>"; };
		08DC48E51F1E7B2C00FB677E /* Info.plist */ = {isa = PBXFileReference; lastKnownFileType = text.plist.xml; path = Info.plist; sourceTree = "<group>"; };
		08DC48EF1F1E863600FB677E /* RomaniaRoutes.txt */ = {isa = PBXFileReference; fileEncoding = 4; lastKnownFileType = text; path = RomaniaRoutes.txt; sourceTree = "<group>"; };
		08DC48F51F1E8DB300FB677E /* Node.swift */ = {isa = PBXFileReference; fileEncoding = 4; lastKnownFileType = sourcecode.swift; path = Node.swift; sourceTree = "<group>"; };
		08E5E1761F6AA28B00972AB5 /* SearchManager.swift */ = {isa = PBXFileReference; fileEncoding = 4; lastKnownFileType = sourcecode.swift; path = SearchManager.swift; sourceTree = "<group>"; };
/* End PBXFileReference section */

/* Begin PBXFrameworksBuildPhase section */
		08DC48D31F1E7B2C00FB677E /* Frameworks */ = {
			isa = PBXFrameworksBuildPhase;
			buildActionMask = 2147483647;
			files = (
			);
			runOnlyForDeploymentPostprocessing = 0;
		};
/* End PBXFrameworksBuildPhase section */

/* Begin PBXGroup section */
		0809D6B51F633DFC00F78F9B /* State */ = {
			isa = PBXGroup;
			children = (
				0809D6BE1F633E4200F78F9B /* State.swift */,
			);
			name = State;
			sourceTree = "<group>";
		};
		081F9DD41F1FB24800BE726A /* Extensions */ = {
			isa = PBXGroup;
			children = (
				081F9DD51F1FB27000BE726A /* Array+Extension.swift */,
				08D134E01F6B563300476521 /* UIImage+Extension.swift */,
			);
			name = Extensions;
			sourceTree = "<group>";
		};
		08BFE2781F1F81C60055ACB4 /* Search */ = {
			isa = PBXGroup;
			children = (
				08D134DD1F6B552300476521 /* SearchProtocol.swift */,
				08E5E1761F6AA28B00972AB5 /* SearchManager.swift */,
				0809D6B61F633E2F00F78F9B /* DepthSearch.swift */,
				0809D6B71F633E2F00F78F9B /* BreadthSearch.swift */,
				0809D6B81F633E2F00F78F9B /* BidirectionalSearch.swift */,
				086E2A5B1F6771DC00F435A6 /* UniformedSearch.swift */,
				084B7F841F6A1B63006DF7F6 /* GreedySearch.swift */,
				08D134E41F6B5D2300476521 /* AStarSearch.swift */,
			);
			name = Search;
			sourceTree = "<group>";
		};
		08BFE2791F1F82A30055ACB4 /* Agent */ = {
			isa = PBXGroup;
			children = (
				0809D6BC1F633E3A00F78F9B /* Agent.swift */,
			);
			name = Agent;
			sourceTree = "<group>";
		};
		08BFE27A1F1F83660055ACB4 /* Data */ = {
			isa = PBXGroup;
			children = (
				08BFE2761F1F811C0055ACB4 /* WorldOfVacuumCleaner.txt */,
				08DC48EF1F1E863600FB677E /* RomaniaRoutes.txt */,
				084B7F861F6A3153006DF7F6 /* RomaniaHeuristics.txt */,
				0809D6C01F633E4800F78F9B /* DataManager.swift */,
				0809D6C21F63410900F78F9B /* Location.swift */,
			);
			name = Data;
			sourceTree = "<group>";
		};
		08BFE27B1F1F83700055ACB4 /* Node */ = {
			isa = PBXGroup;
			children = (
				08DC48F51F1E8DB300FB677E /* Node.swift */,
			);
			name = Node;
			sourceTree = "<group>";
		};
		08D134DF1F6B560700476521 /* Model */ = {
			isa = PBXGroup;
			children = (
				08BFE27B1F1F83700055ACB4 /* Node */,
				0809D6B51F633DFC00F78F9B /* State */,
				08BFE2791F1F82A30055ACB4 /* Agent */,
				0803D8D41F64FB5300078A5E /* Annotation.swift */,
				08D134E21F6B572300476521 /* Route.swift */,
			);
			name = Model;
			sourceTree = "<group>";
		};
		08DC48CD1F1E7B2C00FB677E = {
			isa = PBXGroup;
			children = (
				08DC48D81F1E7B2C00FB677E /* ArtificialInteligence */,
				08DC48D71F1E7B2C00FB677E /* Products */,
			);
			sourceTree = "<group>";
		};
		08DC48D71F1E7B2C00FB677E /* Products */ = {
			isa = PBXGroup;
			children = (
				08DC48D61F1E7B2C00FB677E /* ArtificialInteligence.app */,
			);
			name = Products;
			sourceTree = "<group>";
		};
		08DC48D81F1E7B2C00FB677E /* ArtificialInteligence */ = {
			isa = PBXGroup;
			children = (
				08BFE27A1F1F83660055ACB4 /* Data */,
				08D134DF1F6B560700476521 /* Model */,
				08BFE2781F1F81C60055ACB4 /* Search */,
				081F9DD41F1FB24800BE726A /* Extensions */,
				08DC48D91F1E7B2C00FB677E /* AppDelegate.swift */,
				08DC48DB1F1E7B2C00FB677E /* ViewController.swift */,
				08DC48DD1F1E7B2C00FB677E /* Main.storyboard */,
				08DC48E01F1E7B2C00FB677E /* Assets.xcassets */,
				08DC48E21F1E7B2C00FB677E /* LaunchScreen.storyboard */,
				08DC48E51F1E7B2C00FB677E /* Info.plist */,
			);
			path = ArtificialInteligence;
			sourceTree = "<group>";
		};
/* End PBXGroup section */

/* Begin PBXNativeTarget section */
		08DC48D51F1E7B2C00FB677E /* ArtificialInteligence */ = {
			isa = PBXNativeTarget;
			buildConfigurationList = 08DC48E81F1E7B2C00FB677E /* Build configuration list for PBXNativeTarget "ArtificialInteligence" */;
			buildPhases = (
				08DC48D21F1E7B2C00FB677E /* Sources */,
				08DC48D31F1E7B2C00FB677E /* Frameworks */,
				08DC48D41F1E7B2C00FB677E /* Resources */,
			);
			buildRules = (
			);
			dependencies = (
			);
			name = ArtificialInteligence;
			productName = ArtificialInteligence;
			productReference = 08DC48D61F1E7B2C00FB677E /* ArtificialInteligence.app */;
			productType = "com.apple.product-type.application";
		};
/* End PBXNativeTarget section */

/* Begin PBXProject section */
		08DC48CE1F1E7B2C00FB677E /* Project object */ = {
			isa = PBXProject;
			attributes = {
				LastSwiftUpdateCheck = 0830;
				LastUpgradeCheck = 0830;
				ORGANIZATIONNAME = "Gabriel Cavalcante";
				TargetAttributes = {
					08DC48D51F1E7B2C00FB677E = {
						CreatedOnToolsVersion = 8.3.3;
						DevelopmentTeam = YY4FY5E467;
						ProvisioningStyle = Automatic;
					};
				};
			};
			buildConfigurationList = 08DC48D11F1E7B2C00FB677E /* Build configuration list for PBXProject "ArtificialInteligence" */;
			compatibilityVersion = "Xcode 3.2";
			developmentRegion = English;
			hasScannedForEncodings = 0;
			knownRegions = (
				en,
				Base,
			);
			mainGroup = 08DC48CD1F1E7B2C00FB677E;
			productRefGroup = 08DC48D71F1E7B2C00FB677E /* Products */;
			projectDirPath = "";
			projectRoot = "";
			targets = (
				08DC48D51F1E7B2C00FB677E /* ArtificialInteligence */,
			);
		};
/* End PBXProject section */

/* Begin PBXResourcesBuildPhase section */
		08DC48D41F1E7B2C00FB677E /* Resources */ = {
			isa = PBXResourcesBuildPhase;
			buildActionMask = 2147483647;
			files = (
				08DC48F01F1E863600FB677E /* RomaniaRoutes.txt in Resources */,
				08BFE2771F1F811C0055ACB4 /* WorldOfVacuumCleaner.txt in Resources */,
				08DC48E41F1E7B2C00FB677E /* LaunchScreen.storyboard in Resources */,
				08DC48E11F1E7B2C00FB677E /* Assets.xcassets in Resources */,
				08DC48DF1F1E7B2C00FB677E /* Main.storyboard in Resources */,
				084B7F871F6A3153006DF7F6 /* RomaniaHeuristics.txt in Resources */,
			);
			runOnlyForDeploymentPostprocessing = 0;
		};
/* End PBXResourcesBuildPhase section */

/* Begin PBXSourcesBuildPhase section */
		08DC48D21F1E7B2C00FB677E /* Sources */ = {
			isa = PBXSourcesBuildPhase;
			buildActionMask = 2147483647;
			files = (
				0809D6BB1F633E2F00F78F9B /* BidirectionalSearch.swift in Sources */,
				0809D6C31F63410900F78F9B /* Location.swift in Sources */,
				0809D6C11F633E4800F78F9B /* DataManager.swift in Sources */,
				08DC48DC1F1E7B2C00FB677E /* ViewController.swift in Sources */,
				08DC48F61F1E8DB300FB677E /* Node.swift in Sources */,
				086E2A5C1F6771DC00F435A6 /* UniformedSearch.swift in Sources */,
				0809D6BA1F633E2F00F78F9B /* BreadthSearch.swift in Sources */,
				08D134E51F6B5D2300476521 /* AStarSearch.swift in Sources */,
				08DC48DA1F1E7B2C00FB677E /* AppDelegate.swift in Sources */,
				0809D6BF1F633E4200F78F9B /* State.swift in Sources */,
				08D134E31F6B572300476521 /* Route.swift in Sources */,
				0809D6BD1F633E3A00F78F9B /* Agent.swift in Sources */,
				081F9DD61F1FB27000BE726A /* Array+Extension.swift in Sources */,
				0803D8D51F64FB5300078A5E /* Annotation.swift in Sources */,
				08D134E11F6B563300476521 /* UIImage+Extension.swift in Sources */,
				08E5E1771F6AA28B00972AB5 /* SearchManager.swift in Sources */,
				08D134DE1F6B552300476521 /* SearchProtocol.swift in Sources */,
				0809D6B91F633E2F00F78F9B /* DepthSearch.swift in Sources */,
				084B7F851F6A1B63006DF7F6 /* GreedySearch.swift in Sources */,
			);
			runOnlyForDeploymentPostprocessing = 0;
		};
/* End PBXSourcesBuildPhase section */

/* Begin PBXVariantGroup section */
		08DC48DD1F1E7B2C00FB677E /* Main.storyboard */ = {
			isa = PBXVariantGroup;
			children = (
				08DC48DE1F1E7B2C00FB677E /* Base */,
			);
			name = Main.storyboard;
			sourceTree = "<group>";
		};
		08DC48E21F1E7B2C00FB677E /* LaunchScreen.storyboard */ = {
			isa = PBXVariantGroup;
			children = (
				08DC48E31F1E7B2C00FB677E /* Base */,
			);
			name = LaunchScreen.storyboard;
			sourceTree = "<group>";
		};
/* End PBXVariantGroup section */

/* Begin XCBuildConfiguration section */
		08DC48E61F1E7B2C00FB677E /* Debug */ = {
			isa = XCBuildConfiguration;
			buildSettings = {
				ALWAYS_SEARCH_USER_PATHS = NO;
				CLANG_ANALYZER_NONNULL = YES;
				CLANG_ANALYZER_NUMBER_OBJECT_CONVERSION = YES_AGGRESSIVE;
				CLANG_CXX_LANGUAGE_STANDARD = "gnu++0x";
				CLANG_CXX_LIBRARY = "libc++";
				CLANG_ENABLE_MODULES = YES;
				CLANG_ENABLE_OBJC_ARC = YES;
				CLANG_WARN_BOOL_CONVERSION = YES;
				CLANG_WARN_CONSTANT_CONVERSION = YES;
				CLANG_WARN_DIRECT_OBJC_ISA_USAGE = YES_ERROR;
				CLANG_WARN_DOCUMENTATION_COMMENTS = YES;
				CLANG_WARN_EMPTY_BODY = YES;
				CLANG_WARN_ENUM_CONVERSION = YES;
				CLANG_WARN_INFINITE_RECURSION = YES;
				CLANG_WARN_INT_CONVERSION = YES;
				CLANG_WARN_OBJC_ROOT_CLASS = YES_ERROR;
				CLANG_WARN_SUSPICIOUS_MOVE = YES;
				CLANG_WARN_UNREACHABLE_CODE = YES;
				CLANG_WARN__DUPLICATE_METHOD_MATCH = YES;
				"CODE_SIGN_IDENTITY[sdk=iphoneos*]" = "iPhone Developer";
				COPY_PHASE_STRIP = NO;
				DEBUG_INFORMATION_FORMAT = dwarf;
				ENABLE_STRICT_OBJC_MSGSEND = YES;
				ENABLE_TESTABILITY = YES;
				GCC_C_LANGUAGE_STANDARD = gnu99;
				GCC_DYNAMIC_NO_PIC = NO;
				GCC_NO_COMMON_BLOCKS = YES;
				GCC_OPTIMIZATION_LEVEL = 0;
				GCC_PREPROCESSOR_DEFINITIONS = (
					"DEBUG=1",
					"$(inherited)",
				);
				GCC_WARN_64_TO_32_BIT_CONVERSION = YES;
				GCC_WARN_ABOUT_RETURN_TYPE = YES_ERROR;
				GCC_WARN_UNDECLARED_SELECTOR = YES;
				GCC_WARN_UNINITIALIZED_AUTOS = YES_AGGRESSIVE;
				GCC_WARN_UNUSED_FUNCTION = YES;
				GCC_WARN_UNUSED_VARIABLE = YES;
				IPHONEOS_DEPLOYMENT_TARGET = 10.3;
				MTL_ENABLE_DEBUG_INFO = YES;
				ONLY_ACTIVE_ARCH = YES;
				SDKROOT = iphoneos;
				SWIFT_ACTIVE_COMPILATION_CONDITIONS = DEBUG;
				SWIFT_OPTIMIZATION_LEVEL = "-Onone";
				TARGETED_DEVICE_FAMILY = "1,2";
			};
			name = Debug;
		};
		08DC48E71F1E7B2C00FB677E /* Release */ = {
			isa = XCBuildConfiguration;
			buildSettings = {
				ALWAYS_SEARCH_USER_PATHS = NO;
				CLANG_ANALYZER_NONNULL = YES;
				CLANG_ANALYZER_NUMBER_OBJECT_CONVERSION = YES_AGGRESSIVE;
				CLANG_CXX_LANGUAGE_STANDARD = "gnu++0x";
				CLANG_CXX_LIBRARY = "libc++";
				CLANG_ENABLE_MODULES = YES;
				CLANG_ENABLE_OBJC_ARC = YES;
				CLANG_WARN_BOOL_CONVERSION = YES;
				CLANG_WARN_CONSTANT_CONVERSION = YES;
				CLANG_WARN_DIRECT_OBJC_ISA_USAGE = YES_ERROR;
				CLANG_WARN_DOCUMENTATION_COMMENTS = YES;
				CLANG_WARN_EMPTY_BODY = YES;
				CLANG_WARN_ENUM_CONVERSION = YES;
				CLANG_WARN_INFINITE_RECURSION = YES;
				CLANG_WARN_INT_CONVERSION = YES;
				CLANG_WARN_OBJC_ROOT_CLASS = YES_ERROR;
				CLANG_WARN_SUSPICIOUS_MOVE = YES;
				CLANG_WARN_UNREACHABLE_CODE = YES;
				CLANG_WARN__DUPLICATE_METHOD_MATCH = YES;
				"CODE_SIGN_IDENTITY[sdk=iphoneos*]" = "iPhone Developer";
				COPY_PHASE_STRIP = NO;
				DEBUG_INFORMATION_FORMAT = "dwarf-with-dsym";
				ENABLE_NS_ASSERTIONS = NO;
				ENABLE_STRICT_OBJC_MSGSEND = YES;
				GCC_C_LANGUAGE_STANDARD = gnu99;
				GCC_NO_COMMON_BLOCKS = YES;
				GCC_WARN_64_TO_32_BIT_CONVERSION = YES;
				GCC_WARN_ABOUT_RETURN_TYPE = YES_ERROR;
				GCC_WARN_UNDECLARED_SELECTOR = YES;
				GCC_WARN_UNINITIALIZED_AUTOS = YES_AGGRESSIVE;
				GCC_WARN_UNUSED_FUNCTION = YES;
				GCC_WARN_UNUSED_VARIABLE = YES;
				IPHONEOS_DEPLOYMENT_TARGET = 10.3;
				MTL_ENABLE_DEBUG_INFO = NO;
				SDKROOT = iphoneos;
				SWIFT_OPTIMIZATION_LEVEL = "-Owholemodule";
				TARGETED_DEVICE_FAMILY = "1,2";
				VALIDATE_PRODUCT = YES;
			};
			name = Release;
		};
		08DC48E91F1E7B2C00FB677E /* Debug */ = {
			isa = XCBuildConfiguration;
			buildSettings = {
				ASSETCATALOG_COMPILER_APPICON_NAME = AppIcon;
				DEVELOPMENT_TEAM = YY4FY5E467;
				INFOPLIST_FILE = ArtificialInteligence/Info.plist;
				LD_RUNPATH_SEARCH_PATHS = "$(inherited) @executable_path/Frameworks";
				PRODUCT_BUNDLE_IDENTIFIER = com.gabrielcavalcante.ArtificialInteligence;
				PRODUCT_NAME = "$(TARGET_NAME)";
				SWIFT_VERSION = 3.0;
			};
			name = Debug;
		};
		08DC48EA1F1E7B2C00FB677E /* Release */ = {
			isa = XCBuildConfiguration;
			buildSettings = {
				ASSETCATALOG_COMPILER_APPICON_NAME = AppIcon;
				DEVELOPMENT_TEAM = YY4FY5E467;
				INFOPLIST_FILE = ArtificialInteligence/Info.plist;
				LD_RUNPATH_SEARCH_PATHS = "$(inherited) @executable_path/Frameworks";
				PRODUCT_BUNDLE_IDENTIFIER = com.gabrielcavalcante.ArtificialInteligence;
				PRODUCT_NAME = "$(TARGET_NAME)";
				SWIFT_VERSION = 3.0;
			};
			name = Release;
		};
/* End XCBuildConfiguration section */

/* Begin XCConfigurationList section */
		08DC48D11F1E7B2C00FB677E /* Build configuration list for PBXProject "ArtificialInteligence" */ = {
			isa = XCConfigurationList;
			buildConfigurations = (
				08DC48E61F1E7B2C00FB677E /* Debug */,
				08DC48E71F1E7B2C00FB677E /* Release */,
			);
			defaultConfigurationIsVisible = 0;
			defaultConfigurationName = Release;
		};
		08DC48E81F1E7B2C00FB677E /* Build configuration list for PBXNativeTarget "ArtificialInteligence" */ = {
			isa = XCConfigurationList;
			buildConfigurations = (
				08DC48E91F1E7B2C00FB677E /* Debug */,
				08DC48EA1F1E7B2C00FB677E /* Release */,
			);
			defaultConfigurationIsVisible = 0;
			defaultConfigurationName = Release;
		};
/* End XCConfigurationList section */
	};
	rootObject = 08DC48CE1F1E7B2C00FB677E /* Project object */;
}
